// !$*UTF8*$!
{
	archiveVersion = 1;
	classes = {
	};
	objectVersion = 55;
	objects = {

/* Begin PBXBuildFile section */
		31961D43286AAEEB00A868BD /* AppDelegate.m in Sources */ = {isa = PBXBuildFile; fileRef = 31961D42286AAEEB00A868BD /* AppDelegate.m */; };
		31961D46286AAEEB00A868BD /* SceneDelegate.m in Sources */ = {isa = PBXBuildFile; fileRef = 31961D45286AAEEB00A868BD /* SceneDelegate.m */; };
		31961D49286AAEEB00A868BD /* ViewController.m in Sources */ = {isa = PBXBuildFile; fileRef = 31961D48286AAEEB00A868BD /* ViewController.m */; };
		31961D4C286AAEEB00A868BD /* Main.storyboard in Resources */ = {isa = PBXBuildFile; fileRef = 31961D4A286AAEEB00A868BD /* Main.storyboard */; };
		31961D4E286AAEF000A868BD /* Assets.xcassets in Resources */ = {isa = PBXBuildFile; fileRef = 31961D4D286AAEF000A868BD /* Assets.xcassets */; };
		31961D51286AAEF000A868BD /* LaunchScreen.storyboard in Resources */ = {isa = PBXBuildFile; fileRef = 31961D4F286AAEF000A868BD /* LaunchScreen.storyboard */; };
		31961D54286AAEF000A868BD /* main.m in Sources */ = {isa = PBXBuildFile; fileRef = 31961D53286AAEF000A868BD /* main.m */; };
		31961D5F286AAF2A00A868BD /* AGLKVertexAttribArrayBuffer.m in Sources */ = {isa = PBXBuildFile; fileRef = 31961D5C286AAF2A00A868BD /* AGLKVertexAttribArrayBuffer.m */; };
		31961D60286AAF2A00A868BD /* AGLKContext.m in Sources */ = {isa = PBXBuildFile; fileRef = 31961D5D286AAF2A00A868BD /* AGLKContext.m */; };
		31961D65286AAF3E00A868BD /* OpenGL_ES_for_iOS_57x57.png in Resources */ = {isa = PBXBuildFile; fileRef = 31961D61286AAF3D00A868BD /* OpenGL_ES_for_iOS_57x57.png */; };
		31961D66286AAF3E00A868BD /* OpenGL_ES_for_iOS_114x114.png in Resources */ = {isa = PBXBuildFile; fileRef = 31961D62286AAF3E00A868BD /* OpenGL_ES_for_iOS_114x114.png */; };
		31961D67286AAF3E00A868BD /* OpenGL_ES_for_iOS_72x72.png in Resources */ = {isa = PBXBuildFile; fileRef = 31961D63286AAF3E00A868BD /* OpenGL_ES_for_iOS_72x72.png */; };
		31961D68286AAF3E00A868BD /* Default-568h@2x.png in Resources */ = {isa = PBXBuildFile; fileRef = 31961D64286AAF3E00A868BD /* Default-568h@2x.png */; };
/* End PBXBuildFile section */

/* Begin PBXFileReference section */
		31961D3E286AAEEB00A868BD /* OpenGL_ES_Practice_5_4.app */ = {isa = PBXFileReference; explicitFileType = wrapper.application; includeInIndex = 0; path = OpenGL_ES_Practice_5_4.app; sourceTree = BUILT_PRODUCTS_DIR; };
		31961D41286AAEEB00A868BD /* AppDelegate.h */ = {isa = PBXFileReference; lastKnownFileType = sourcecode.c.h; path = AppDelegate.h; sourceTree = "<group>"; };
		31961D42286AAEEB00A868BD /* AppDelegate.m */ = {isa = PBXFileReference; lastKnownFileType = sourcecode.c.objc; path = AppDelegate.m; sourceTree = "<group>"; };
		31961D44286AAEEB00A868BD /* SceneDelegate.h */ = {isa = PBXFileReference; lastKnownFileType = sourcecode.c.h; path = SceneDelegate.h; sourceTree = "<group>"; };
		31961D45286AAEEB00A868BD /* SceneDelegate.m */ = {isa = PBXFileReference; lastKnownFileType = sourcecode.c.objc; path = SceneDelegate.m; sourceTree = "<group>"; };
		31961D47286AAEEB00A868BD /* ViewController.h */ = {isa = PBXFileReference; lastKnownFileType = sourcecode.c.h; path = ViewController.h; sourceTree = "<group>"; };
		31961D48286AAEEB00A868BD /* ViewController.m */ = {isa = PBXFileReference; lastKnownFileType = sourcecode.c.objc; path = ViewController.m; sourceTree = "<group>"; };
		31961D4B286AAEEB00A868BD /* Base */ = {isa = PBXFileReference; lastKnownFileType = file.storyboard; name = Base; path = Base.lproj/Main.storyboard; sourceTree = "<group>"; };
		31961D4D286AAEF000A868BD /* Assets.xcassets */ = {isa = PBXFileReference; lastKnownFileType = folder.assetcatalog; path = Assets.xcassets; sourceTree = "<group>"; };
		31961D50286AAEF000A868BD /* Base */ = {isa = PBXFileReference; lastKnownFileType = file.storyboard; name = Base; path = Base.lproj/LaunchScreen.storyboard; sourceTree = "<group>"; };
		31961D52286AAEF000A868BD /* Info.plist */ = {isa = PBXFileReference; lastKnownFileType = text.plist.xml; path = Info.plist; sourceTree = "<group>"; };
		31961D53286AAEF000A868BD /* main.m */ = {isa = PBXFileReference; lastKnownFileType = sourcecode.c.objc; path = main.m; sourceTree = "<group>"; };
		31961D5A286AAF2A00A868BD /* AGLKContext.h */ = {isa = PBXFileReference; fileEncoding = 4; lastKnownFileType = sourcecode.c.h; path = AGLKContext.h; sourceTree = "<group>"; };
		31961D5B286AAF2A00A868BD /* AGLKVertexAttribArrayBuffer.h */ = {isa = PBXFileReference; fileEncoding = 4; lastKnownFileType = sourcecode.c.h; path = AGLKVertexAttribArrayBuffer.h; sourceTree = "<group>"; };
		31961D5C286AAF2A00A868BD /* AGLKVertexAttribArrayBuffer.m */ = {isa = PBXFileReference; fileEncoding = 4; lastKnownFileType = sourcecode.c.objc; path = AGLKVertexAttribArrayBuffer.m; sourceTree = "<group>"; };
		31961D5D286AAF2A00A868BD /* AGLKContext.m */ = {isa = PBXFileReference; fileEncoding = 4; lastKnownFileType = sourcecode.c.objc; path = AGLKContext.m; sourceTree = "<group>"; };
		31961D5E286AAF2A00A868BD /* lowPolyAxesAndModels2.h */ = {isa = PBXFileReference; fileEncoding = 4; lastKnownFileType = sourcecode.c.h; path = lowPolyAxesAndModels2.h; sourceTree = "<group>"; };
		31961D61286AAF3D00A868BD /* OpenGL_ES_for_iOS_57x57.png */ = {isa = PBXFileReference; lastKnownFileType = image.png; path = OpenGL_ES_for_iOS_57x57.png; sourceTree = "<group>"; };
		31961D62286AAF3E00A868BD /* OpenGL_ES_for_iOS_114x114.png */ = {isa = PBXFileReference; lastKnownFileType = image.png; path = OpenGL_ES_for_iOS_114x114.png; sourceTree = "<group>"; };
		31961D63286AAF3E00A868BD /* OpenGL_ES_for_iOS_72x72.png */ = {isa = PBXFileReference; lastKnownFileType = image.png; path = OpenGL_ES_for_iOS_72x72.png; sourceTree = "<group>"; };
		31961D64286AAF3E00A868BD /* Default-568h@2x.png */ = {isa = PBXFileReference; lastKnownFileType = image.png; path = "Default-568h@2x.png"; sourceTree = "<group>"; };
/* End PBXFileReference section */

/* Begin PBXFrameworksBuildPhase section */
		31961D3B286AAEEB00A868BD /* Frameworks */ = {
			isa = PBXFrameworksBuildPhase;
			buildActionMask = 2147483647;
			files = (
			);
			runOnlyForDeploymentPostprocessing = 0;
		};
/* End PBXFrameworksBuildPhase section */

/* Begin PBXGroup section */
		31961D35286AAEEB00A868BD = {
			isa = PBXGroup;
			children = (
				31961D40286AAEEB00A868BD /* OpenGL_ES_Practice_5_4 */,
				31961D3F286AAEEB00A868BD /* Products */,
			);
			sourceTree = "<group>";
		};
		31961D3F286AAEEB00A868BD /* Products */ = {
			isa = PBXGroup;
			children = (
				31961D3E286AAEEB00A868BD /* OpenGL_ES_Practice_5_4.app */,
			);
			name = Products;
			sourceTree = "<group>";
		};
		31961D40286AAEEB00A868BD /* OpenGL_ES_Practice_5_4 */ = {
			isa = PBXGroup;
			children = (
				31961D5A286AAF2A00A868BD /* AGLKContext.h */,
				31961D5D286AAF2A00A868BD /* AGLKContext.m */,
				31961D5B286AAF2A00A868BD /* AGLKVertexAttribArrayBuffer.h */,
				31961D5C286AAF2A00A868BD /* AGLKVertexAttribArrayBuffer.m */,
				31961D5E286AAF2A00A868BD /* lowPolyAxesAndModels2.h */,
				31961D41286AAEEB00A868BD /* AppDelegate.h */,
				31961D42286AAEEB00A868BD /* AppDelegate.m */,
				31961D44286AAEEB00A868BD /* SceneDelegate.h */,
				31961D45286AAEEB00A868BD /* SceneDelegate.m */,
				31961D47286AAEEB00A868BD /* ViewController.h */,
				31961D48286AAEEB00A868BD /* ViewController.m */,
				31961D4A286AAEEB00A868BD /* Main.storyboard */,
				31961D4D286AAEF000A868BD /* Assets.xcassets */,
				31961D4F286AAEF000A868BD /* LaunchScreen.storyboard */,
				31961D52286AAEF000A868BD /* Info.plist */,
				31961D53286AAEF000A868BD /* main.m */,
				31961D64286AAF3E00A868BD /* Default-568h@2x.png */,
				31961D61286AAF3D00A868BD /* OpenGL_ES_for_iOS_57x57.png */,
				31961D63286AAF3E00A868BD /* OpenGL_ES_for_iOS_72x72.png */,
				31961D62286AAF3E00A868BD /* OpenGL_ES_for_iOS_114x114.png */,
			);
			path = OpenGL_ES_Practice_5_4;
			sourceTree = "<group>";
		};
/* End PBXGroup section */

/* Begin PBXNativeTarget section */
		31961D3D286AAEEB00A868BD /* OpenGL_ES_Practice_5_4 */ = {
			isa = PBXNativeTarget;
			buildConfigurationList = 31961D57286AAEF000A868BD /* Build configuration list for PBXNativeTarget "OpenGL_ES_Practice_5_4" */;
			buildPhases = (
				31961D3A286AAEEB00A868BD /* Sources */,
				31961D3B286AAEEB00A868BD /* Frameworks */,
				31961D3C286AAEEB00A868BD /* Resources */,
			);
			buildRules = (
			);
			dependencies = (
			);
			name = OpenGL_ES_Practice_5_4;
			productName = OpenGL_ES_Practice_5_4;
			productReference = 31961D3E286AAEEB00A868BD /* OpenGL_ES_Practice_5_4.app */;
			productType = "com.apple.product-type.application";
		};
/* End PBXNativeTarget section */

/* Begin PBXProject section */
		31961D36286AAEEB00A868BD /* Project object */ = {
			isa = PBXProject;
			attributes = {
				BuildIndependentTargetsInParallel = 1;
				LastUpgradeCheck = 1340;
				TargetAttributes = {
					31961D3D286AAEEB00A868BD = {
						CreatedOnToolsVersion = 13.4.1;
					};
				};
			};
			buildConfigurationList = 31961D39286AAEEB00A868BD /* Build configuration list for PBXProject "OpenGL_ES_Practice_5_4" */;
			compatibilityVersion = "Xcode 13.0";
			developmentRegion = en;
			hasScannedForEncodings = 0;
			knownRegions = (
				en,
				Base,
			);
			mainGroup = 31961D35286AAEEB00A868BD;
			productRefGroup = 31961D3F286AAEEB00A868BD /* Products */;
			projectDirPath = "";
			projectRoot = "";
			targets = (
				31961D3D286AAEEB00A868BD /* OpenGL_ES_Practice_5_4 */,
			);
		};
/* End PBXProject section */

/* Begin PBXResourcesBuildPhase section */
		31961D3C286AAEEB00A868BD /* Resources */ = {
			isa = PBXResourcesBuildPhase;
			buildActionMask = 2147483647;
			files = (
				31961D51286AAEF000A868BD /* LaunchScreen.storyboard in Resources */,
				31961D67286AAF3E00A868BD /* OpenGL_ES_for_iOS_72x72.png in Resources */,
				31961D65286AAF3E00A868BD /* OpenGL_ES_for_iOS_57x57.png in Resources */,
				31961D66286AAF3E00A868BD /* OpenGL_ES_for_iOS_114x114.png in Resources */,
				31961D4E286AAEF000A868BD /* Assets.xcassets in Resources */,
				31961D68286AAF3E00A868BD /* Default-568h@2x.png in Resources */,
				31961D4C286AAEEB00A868BD /* Main.storyboard in Resources */,
			);
			runOnlyForDeploymentPostprocessing = 0;
		};
/* End PBXResourcesBuildPhase section */

/* Begin PBXSourcesBuildPhase section */
		31961D3A286AAEEB00A868BD /* Sources */ = {
			isa = PBXSourcesBuildPhase;
			buildActionMask = 2147483647;
			files = (
				31961D49286AAEEB00A868BD /* ViewController.m in Sources */,
				31961D43286AAEEB00A868BD /* AppDelegate.m in Sources */,
				31961D5F286AAF2A00A868BD /* AGLKVertexAttribArrayBuffer.m in Sources */,
				31961D54286AAEF000A868BD /* main.m in Sources */,
				31961D60286AAF2A00A868BD /* AGLKContext.m in Sources */,
				31961D46286AAEEB00A868BD /* SceneDelegate.m in Sources */,
			);
			runOnlyForDeploymentPostprocessing = 0;
		};
/* End PBXSourcesBuildPhase section */

/* Begin PBXVariantGroup section */
		31961D4A286AAEEB00A868BD /* Main.storyboard */ = {
			isa = PBXVariantGroup;
			children = (
				31961D4B286AAEEB00A868BD /* Base */,
			);
			name = Main.storyboard;
			sourceTree = "<group>";
		};
		31961D4F286AAEF000A868BD /* LaunchScreen.storyboard */ = {
			isa = PBXVariantGroup;
			children = (
				31961D50286AAEF000A868BD /* Base */,
			);
			name = LaunchScreen.storyboard;
			sourceTree = "<group>";
		};
/* End PBXVariantGroup section */

/* Begin XCBuildConfiguration section */
		31961D55286AAEF000A868BD /* Debug */ = {
			isa = XCBuildConfiguration;
			buildSettings = {
				ALWAYS_SEARCH_USER_PATHS = NO;
				CLANG_ANALYZER_NONNULL = YES;
				CLANG_ANALYZER_NUMBER_OBJECT_CONVERSION = YES_AGGRESSIVE;
				CLANG_CXX_LANGUAGE_STANDARD = "gnu++17";
				CLANG_ENABLE_MODULES = YES;
				CLANG_ENABLE_OBJC_ARC = YES;
				CLANG_ENABLE_OBJC_WEAK = YES;
				CLANG_WARN_BLOCK_CAPTURE_AUTORELEASING = YES;
				CLANG_WARN_BOOL_CONVERSION = YES;
				CLANG_WARN_COMMA = YES;
				CLANG_WARN_CONSTANT_CONVERSION = YES;
				CLANG_WARN_DEPRECATED_OBJC_IMPLEMENTATIONS = YES;
				CLANG_WARN_DIRECT_OBJC_ISA_USAGE = YES_ERROR;
				CLANG_WARN_DOCUMENTATION_COMMENTS = YES;
				CLANG_WARN_EMPTY_BODY = YES;
				CLANG_WARN_ENUM_CONVERSION = YES;
				CLANG_WARN_INFINITE_RECURSION = YES;
				CLANG_WARN_INT_CONVERSION = YES;
				CLANG_WARN_NON_LITERAL_NULL_CONVERSION = YES;
				CLANG_WARN_OBJC_IMPLICIT_RETAIN_SELF = YES;
				CLANG_WARN_OBJC_LITERAL_CONVERSION = YES;
				CLANG_WARN_OBJC_ROOT_CLASS = YES_ERROR;
				CLANG_WARN_QUOTED_INCLUDE_IN_FRAMEWORK_HEADER = YES;
				CLANG_WARN_RANGE_LOOP_ANALYSIS = YES;
				CLANG_WARN_STRICT_PROTOTYPES = YES;
				CLANG_WARN_SUSPICIOUS_MOVE = YES;
				CLANG_WARN_UNGUARDED_AVAILABILITY = YES_AGGRESSIVE;
				CLANG_WARN_UNREACHABLE_CODE = YES;
				CLANG_WARN__DUPLICATE_METHOD_MATCH = YES;
				COPY_PHASE_STRIP = NO;
				DEBUG_INFORMATION_FORMAT = dwarf;
				ENABLE_STRICT_OBJC_MSGSEND = YES;
				ENABLE_TESTABILITY = YES;
				GCC_C_LANGUAGE_STANDARD = gnu11;
				GCC_DYNAMIC_NO_PIC = NO;
				GCC_NO_COMMON_BLOCKS = YES;
				GCC_OPTIMIZATION_LEVEL = 0;
				GCC_PREPROCESSOR_DEFINITIONS = (
					"DEBUG=1",
					"$(inherited)",
				);
				GCC_WARN_64_TO_32_BIT_CONVERSION = YES;
				GCC_WARN_ABOUT_RETURN_TYPE = YES_ERROR;
				GCC_WARN_UNDECLARED_SELECTOR = YES;
				GCC_WARN_UNINITIALIZED_AUTOS = YES_AGGRESSIVE;
				GCC_WARN_UNUSED_FUNCTION = YES;
				GCC_WARN_UNUSED_VARIABLE = YES;
				IPHONEOS_DEPLOYMENT_TARGET = 15.5;
				MTL_ENABLE_DEBUG_INFO = INCLUDE_SOURCE;
				MTL_FAST_MATH = YES;
				ONLY_ACTIVE_ARCH = YES;
				SDKROOT = iphoneos;
			};
			name = Debug;
		};
		31961D56286AAEF000A868BD /* Release */ = {
			isa = XCBuildConfiguration;
			buildSettings = {
				ALWAYS_SEARCH_USER_PATHS = NO;
				CLANG_ANALYZER_NONNULL = YES;
				CLANG_ANALYZER_NUMBER_OBJECT_CONVERSION = YES_AGGRESSIVE;
				CLANG_CXX_LANGUAGE_STANDARD = "gnu++17";
				CLANG_ENABLE_MODULES = YES;
				CLANG_ENABLE_OBJC_ARC = YES;
				CLANG_ENABLE_OBJC_WEAK = YES;
				CLANG_WARN_BLOCK_CAPTURE_AUTORELEASING = YES;
				CLANG_WARN_BOOL_CONVERSION = YES;
				CLANG_WARN_COMMA = YES;
				CLANG_WARN_CONSTANT_CONVERSION = YES;
				CLANG_WARN_DEPRECATED_OBJC_IMPLEMENTATIONS = YES;
				CLANG_WARN_DIRECT_OBJC_ISA_USAGE = YES_ERROR;
				CLANG_WARN_DOCUMENTATION_COMMENTS = YES;
				CLANG_WARN_EMPTY_BODY = YES;
				CLANG_WARN_ENUM_CONVERSION = YES;
				CLANG_WARN_INFINITE_RECURSION = YES;
				CLANG_WARN_INT_CONVERSION = YES;
				CLANG_WARN_NON_LITERAL_NULL_CONVERSION = YES;
				CLANG_WARN_OBJC_IMPLICIT_RETAIN_SELF = YES;
				CLANG_WARN_OBJC_LITERAL_CONVERSION = YES;
				CLANG_WARN_OBJC_ROOT_CLASS = YES_ERROR;
				CLANG_WARN_QUOTED_INCLUDE_IN_FRAMEWORK_HEADER = YES;
				CLANG_WARN_RANGE_LOOP_ANALYSIS = YES;
				CLANG_WARN_STRICT_PROTOTYPES = YES;
				CLANG_WARN_SUSPICIOUS_MOVE = YES;
				CLANG_WARN_UNGUARDED_AVAILABILITY = YES_AGGRESSIVE;
				CLANG_WARN_UNREACHABLE_CODE = YES;
				CLANG_WARN__DUPLICATE_METHOD_MATCH = YES;
				COPY_PHASE_STRIP = NO;
				DEBUG_INFORMATION_FORMAT = "dwarf-with-dsym";
				ENABLE_NS_ASSERTIONS = NO;
				ENABLE_STRICT_OBJC_MSGSEND = YES;
				GCC_C_LANGUAGE_STANDARD = gnu11;
				GCC_NO_COMMON_BLOCKS = YES;
				GCC_WARN_64_TO_32_BIT_CONVERSION = YES;
				GCC_WARN_ABOUT_RETURN_TYPE = YES_ERROR;
				GCC_WARN_UNDECLARED_SELECTOR = YES;
				GCC_WARN_UNINITIALIZED_AUTOS = YES_AGGRESSIVE;
				GCC_WARN_UNUSED_FUNCTION = YES;
				GCC_WARN_UNUSED_VARIABLE = YES;
				IPHONEOS_DEPLOYMENT_TARGET = 15.5;
				MTL_ENABLE_DEBUG_INFO = NO;
				MTL_FAST_MATH = YES;
				SDKROOT = iphoneos;
				VALIDATE_PRODUCT = YES;
			};
			name = Release;
		};
		31961D58286AAEF000A868BD /* Debug */ = {
			isa = XCBuildConfiguration;
			buildSettings = {
				ASSETCATALOG_COMPILER_APPICON_NAME = AppIcon;
				ASSETCATALOG_COMPILER_GLOBAL_ACCENT_COLOR_NAME = AccentColor;
				CODE_SIGN_STYLE = Automatic;
				CURRENT_PROJECT_VERSION = 1;
				GENERATE_INFOPLIST_FILE = YES;
				INFOPLIST_FILE = OpenGL_ES_Practice_5_4/Info.plist;
				INFOPLIST_KEY_UIApplicationSupportsIndirectInputEvents = YES;
				INFOPLIST_KEY_UILaunchStoryboardName = LaunchScreen;
				INFOPLIST_KEY_UIMainStoryboardFile = Main;
				INFOPLIST_KEY_UISupportedInterfaceOrientations_iPad = "UIInterfaceOrientationPortrait UIInterfaceOrientationPortraitUpsideDown UIInterfaceOrientationLandscapeLeft UIInterfaceOrientationLandscapeRight";
				INFOPLIST_KEY_UISupportedInterfaceOrientations_iPhone = "UIInterfaceOrientationPortrait UIInterfaceOrientationLandscapeLeft UIInterfaceOrientationLandscapeRight";
				LD_RUNPATH_SEARCH_PATHS = (
					"$(inherited)",
					"@executable_path/Frameworks",
				);
				MARKETING_VERSION = 1.0;
				PRODUCT_BUNDLE_IDENTIFIER = "generic.OpenGL-ES-Practice-5-4";
				PRODUCT_NAME = "$(TARGET_NAME)";
				SWIFT_EMIT_LOC_STRINGS = YES;
				TARGETED_DEVICE_FAMILY = "1,2";
			};
			name = Debug;
		};
		31961D59286AAEF000A868BD /* Release */ = {
			isa = XCBuildConfiguration;
			buildSettings = {
				ASSETCATALOG_COMPILER_APPICON_NAME = AppIcon;
				ASSETCATALOG_COMPILER_GLOBAL_ACCENT_COLOR_NAME = AccentColor;
				CODE_SIGN_STYLE = Automatic;
				CURRENT_PROJECT_VERSION = 1;
				GENERATE_INFOPLIST_FILE = YES;
				INFOPLIST_FILE = OpenGL_ES_Practice_5_4/Info.plist;
				INFOPLIST_KEY_UIApplicationSupportsIndirectInputEvents = YES;
				INFOPLIST_KEY_UILaunchStoryboardName = LaunchScreen;
				INFOPLIST_KEY_UIMainStoryboardFile = Main;
				INFOPLIST_KEY_UISupportedInterfaceOrientations_iPad = "UIInterfaceOrientationPortrait UIInterfaceOrientationPortraitUpsideDown UIInterfaceOrientationLandscapeLeft UIInterfaceOrientationLandscapeRight";
				INFOPLIST_KEY_UISupportedInterfaceOrientations_iPhone = "UIInterfaceOrientationPortrait UIInterfaceOrientationLandscapeLeft UIInterfaceOrientationLandscapeRight";
				LD_RUNPATH_SEARCH_PATHS = (
					"$(inherited)",
					"@executable_path/Frameworks",
				);
				MARKETING_VERSION = 1.0;
				PRODUCT_BUNDLE_IDENTIFIER = "generic.OpenGL-ES-Practice-5-4";
				PRODUCT_NAME = "$(TARGET_NAME)";
				SWIFT_EMIT_LOC_STRINGS = YES;
				TARGETED_DEVICE_FAMILY = "1,2";
			};
			name = Release;
		};
/* End XCBuildConfiguration section */

/* Begin XCConfigurationList section */
		31961D39286AAEEB00A868BD /* Build configuration list for PBXProject "OpenGL_ES_Practice_5_4" */ = {
			isa = XCConfigurationList;
			buildConfigurations = (
				31961D55286AAEF000A868BD /* Debug */,
				31961D56286AAEF000A868BD /* Release */,
			);
			defaultConfigurationIsVisible = 0;
			defaultConfigurationName = Release;
		};
		31961D57286AAEF000A868BD /* Build configuration list for PBXNativeTarget "OpenGL_ES_Practice_5_4" */ = {
			isa = XCConfigurationList;
			buildConfigurations = (
				31961D58286AAEF000A868BD /* Debug */,
				31961D59286AAEF000A868BD /* Release */,
			);
			defaultConfigurationIsVisible = 0;
			defaultConfigurationName = Release;
		};
/* End XCConfigurationList section */
	};
	rootObject = 31961D36286AAEEB00A868BD /* Project object */;
}
