// !$*UTF8*$!
{
	archiveVersion = 1;
	classes = {
	};
	objectVersion = 55;
	objects = {

/* Begin PBXBuildFile section */
		310879C92869BA94007CE3A6 /* AppDelegate.m in Sources */ = {isa = PBXBuildFile; fileRef = 310879C82869BA94007CE3A6 /* AppDelegate.m */; };
		310879CC2869BA94007CE3A6 /* SceneDelegate.m in Sources */ = {isa = PBXBuildFile; fileRef = 310879CB2869BA94007CE3A6 /* SceneDelegate.m */; };
		310879CF2869BA94007CE3A6 /* ViewController.m in Sources */ = {isa = PBXBuildFile; fileRef = 310879CE2869BA94007CE3A6 /* ViewController.m */; };
		310879D22869BA94007CE3A6 /* Main.storyboard in Resources */ = {isa = PBXBuildFile; fileRef = 310879D02869BA94007CE3A6 /* Main.storyboard */; };
		310879D42869BA98007CE3A6 /* Assets.xcassets in Resources */ = {isa = PBXBuildFile; fileRef = 310879D32869BA98007CE3A6 /* Assets.xcassets */; };
		310879D72869BA98007CE3A6 /* LaunchScreen.storyboard in Resources */ = {isa = PBXBuildFile; fileRef = 310879D52869BA98007CE3A6 /* LaunchScreen.storyboard */; };
		310879DA2869BA98007CE3A6 /* main.m in Sources */ = {isa = PBXBuildFile; fileRef = 310879D92869BA98007CE3A6 /* main.m */; };
		310879E22869BFC0007CE3A6 /* AGLKContext.m in Sources */ = {isa = PBXBuildFile; fileRef = 310879E12869BFC0007CE3A6 /* AGLKContext.m */; };
		310879E52869BFD8007CE3A6 /* AGLKVertexAttribArrayBuffer.m in Sources */ = {isa = PBXBuildFile; fileRef = 310879E42869BFD7007CE3A6 /* AGLKVertexAttribArrayBuffer.m */; };
/* End PBXBuildFile section */

/* Begin PBXFileReference section */
		310879C42869BA94007CE3A6 /* OpenGL_ES_Practice_4_!.app */ = {isa = PBXFileReference; explicitFileType = wrapper.application; includeInIndex = 0; path = "OpenGL_ES_Practice_4_!.app"; sourceTree = BUILT_PRODUCTS_DIR; };
		310879C72869BA94007CE3A6 /* AppDelegate.h */ = {isa = PBXFileReference; lastKnownFileType = sourcecode.c.h; path = AppDelegate.h; sourceTree = "<group>"; };
		310879C82869BA94007CE3A6 /* AppDelegate.m */ = {isa = PBXFileReference; lastKnownFileType = sourcecode.c.objc; path = AppDelegate.m; sourceTree = "<group>"; };
		310879CA2869BA94007CE3A6 /* SceneDelegate.h */ = {isa = PBXFileReference; lastKnownFileType = sourcecode.c.h; path = SceneDelegate.h; sourceTree = "<group>"; };
		310879CB2869BA94007CE3A6 /* SceneDelegate.m */ = {isa = PBXFileReference; lastKnownFileType = sourcecode.c.objc; path = SceneDelegate.m; sourceTree = "<group>"; };
		310879CD2869BA94007CE3A6 /* ViewController.h */ = {isa = PBXFileReference; lastKnownFileType = sourcecode.c.h; path = ViewController.h; sourceTree = "<group>"; };
		310879CE2869BA94007CE3A6 /* ViewController.m */ = {isa = PBXFileReference; lastKnownFileType = sourcecode.c.objc; path = ViewController.m; sourceTree = "<group>"; };
		310879D12869BA94007CE3A6 /* Base */ = {isa = PBXFileReference; lastKnownFileType = file.storyboard; name = Base; path = Base.lproj/Main.storyboard; sourceTree = "<group>"; };
		310879D32869BA98007CE3A6 /* Assets.xcassets */ = {isa = PBXFileReference; lastKnownFileType = folder.assetcatalog; path = Assets.xcassets; sourceTree = "<group>"; };
		310879D62869BA98007CE3A6 /* Base */ = {isa = PBXFileReference; lastKnownFileType = file.storyboard; name = Base; path = Base.lproj/LaunchScreen.storyboard; sourceTree = "<group>"; };
		310879D82869BA98007CE3A6 /* Info.plist */ = {isa = PBXFileReference; lastKnownFileType = text.plist.xml; path = Info.plist; sourceTree = "<group>"; };
		310879D92869BA98007CE3A6 /* main.m */ = {isa = PBXFileReference; lastKnownFileType = sourcecode.c.objc; path = main.m; sourceTree = "<group>"; };
		310879E02869BFC0007CE3A6 /* AGLKContext.h */ = {isa = PBXFileReference; fileEncoding = 4; lastKnownFileType = sourcecode.c.h; path = AGLKContext.h; sourceTree = "<group>"; };
		310879E12869BFC0007CE3A6 /* AGLKContext.m */ = {isa = PBXFileReference; fileEncoding = 4; lastKnownFileType = sourcecode.c.objc; path = AGLKContext.m; sourceTree = "<group>"; };
		310879E32869BFD7007CE3A6 /* AGLKVertexAttribArrayBuffer.h */ = {isa = PBXFileReference; fileEncoding = 4; lastKnownFileType = sourcecode.c.h; path = AGLKVertexAttribArrayBuffer.h; sourceTree = "<group>"; };
		310879E42869BFD7007CE3A6 /* AGLKVertexAttribArrayBuffer.m */ = {isa = PBXFileReference; fileEncoding = 4; lastKnownFileType = sourcecode.c.objc; path = AGLKVertexAttribArrayBuffer.m; sourceTree = "<group>"; };
/* End PBXFileReference section */

/* Begin PBXFrameworksBuildPhase section */
		310879C12869BA94007CE3A6 /* Frameworks */ = {
			isa = PBXFrameworksBuildPhase;
			buildActionMask = 2147483647;
			files = (
			);
			runOnlyForDeploymentPostprocessing = 0;
		};
/* End PBXFrameworksBuildPhase section */

/* Begin PBXGroup section */
		310879BB2869BA94007CE3A6 = {
			isa = PBXGroup;
			children = (
				310879C62869BA94007CE3A6 /* OpenGL_ES_Practice_4_! */,
				310879C52869BA94007CE3A6 /* Products */,
			);
			sourceTree = "<group>";
		};
		310879C52869BA94007CE3A6 /* Products */ = {
			isa = PBXGroup;
			children = (
				310879C42869BA94007CE3A6 /* OpenGL_ES_Practice_4_!.app */,
			);
			name = Products;
			sourceTree = "<group>";
		};
		310879C62869BA94007CE3A6 /* OpenGL_ES_Practice_4_! */ = {
			isa = PBXGroup;
			children = (
				310879E02869BFC0007CE3A6 /* AGLKContext.h */,
				310879E12869BFC0007CE3A6 /* AGLKContext.m */,
				310879E32869BFD7007CE3A6 /* AGLKVertexAttribArrayBuffer.h */,
				310879E42869BFD7007CE3A6 /* AGLKVertexAttribArrayBuffer.m */,
				310879C72869BA94007CE3A6 /* AppDelegate.h */,
				310879C82869BA94007CE3A6 /* AppDelegate.m */,
				310879CA2869BA94007CE3A6 /* SceneDelegate.h */,
				310879CB2869BA94007CE3A6 /* SceneDelegate.m */,
				310879CD2869BA94007CE3A6 /* ViewController.h */,
				310879CE2869BA94007CE3A6 /* ViewController.m */,
				310879D02869BA94007CE3A6 /* Main.storyboard */,
				310879D32869BA98007CE3A6 /* Assets.xcassets */,
				310879D52869BA98007CE3A6 /* LaunchScreen.storyboard */,
				310879D82869BA98007CE3A6 /* Info.plist */,
				310879D92869BA98007CE3A6 /* main.m */,
			);
			path = "OpenGL_ES_Practice_4_!";
			sourceTree = "<group>";
		};
/* End PBXGroup section */

/* Begin PBXNativeTarget section */
		310879C32869BA94007CE3A6 /* OpenGL_ES_Practice_4_! */ = {
			isa = PBXNativeTarget;
			buildConfigurationList = 310879DD2869BA98007CE3A6 /* Build configuration list for PBXNativeTarget "OpenGL_ES_Practice_4_!" */;
			buildPhases = (
				310879C02869BA94007CE3A6 /* Sources */,
				310879C12869BA94007CE3A6 /* Frameworks */,
				310879C22869BA94007CE3A6 /* Resources */,
			);
			buildRules = (
			);
			dependencies = (
			);
			name = "OpenGL_ES_Practice_4_!";
			productName = "OpenGL_ES_Practice_4_!";
			productReference = 310879C42869BA94007CE3A6 /* OpenGL_ES_Practice_4_!.app */;
			productType = "com.apple.product-type.application";
		};
/* End PBXNativeTarget section */

/* Begin PBXProject section */
		310879BC2869BA94007CE3A6 /* Project object */ = {
			isa = PBXProject;
			attributes = {
				BuildIndependentTargetsInParallel = 1;
				LastUpgradeCheck = 1340;
				TargetAttributes = {
					310879C32869BA94007CE3A6 = {
						CreatedOnToolsVersion = 13.4.1;
					};
				};
			};
			buildConfigurationList = 310879BF2869BA94007CE3A6 /* Build configuration list for PBXProject "OpenGL_ES_Practice_4_!" */;
			compatibilityVersion = "Xcode 13.0";
			developmentRegion = en;
			hasScannedForEncodings = 0;
			knownRegions = (
				en,
				Base,
			);
			mainGroup = 310879BB2869BA94007CE3A6;
			productRefGroup = 310879C52869BA94007CE3A6 /* Products */;
			projectDirPath = "";
			projectRoot = "";
			targets = (
				310879C32869BA94007CE3A6 /* OpenGL_ES_Practice_4_! */,
			);
		};
/* End PBXProject section */

/* Begin PBXResourcesBuildPhase section */
		310879C22869BA94007CE3A6 /* Resources */ = {
			isa = PBXResourcesBuildPhase;
			buildActionMask = 2147483647;
			files = (
				310879D72869BA98007CE3A6 /* LaunchScreen.storyboard in Resources */,
				310879D42869BA98007CE3A6 /* Assets.xcassets in Resources */,
				310879D22869BA94007CE3A6 /* Main.storyboard in Resources */,
			);
			runOnlyForDeploymentPostprocessing = 0;
		};
/* End PBXResourcesBuildPhase section */

/* Begin PBXSourcesBuildPhase section */
		310879C02869BA94007CE3A6 /* Sources */ = {
			isa = PBXSourcesBuildPhase;
			buildActionMask = 2147483647;
			files = (
				310879E52869BFD8007CE3A6 /* AGLKVertexAttribArrayBuffer.m in Sources */,
				310879E22869BFC0007CE3A6 /* AGLKContext.m in Sources */,
				310879CF2869BA94007CE3A6 /* ViewController.m in Sources */,
				310879C92869BA94007CE3A6 /* AppDelegate.m in Sources */,
				310879DA2869BA98007CE3A6 /* main.m in Sources */,
				310879CC2869BA94007CE3A6 /* SceneDelegate.m in Sources */,
			);
			runOnlyForDeploymentPostprocessing = 0;
		};
/* End PBXSourcesBuildPhase section */

/* Begin PBXVariantGroup section */
		310879D02869BA94007CE3A6 /* Main.storyboard */ = {
			isa = PBXVariantGroup;
			children = (
				310879D12869BA94007CE3A6 /* Base */,
			);
			name = Main.storyboard;
			sourceTree = "<group>";
		};
		310879D52869BA98007CE3A6 /* LaunchScreen.storyboard */ = {
			isa = PBXVariantGroup;
			children = (
				310879D62869BA98007CE3A6 /* Base */,
			);
			name = LaunchScreen.storyboard;
			sourceTree = "<group>";
		};
/* End PBXVariantGroup section */

/* Begin XCBuildConfiguration section */
		310879DB2869BA98007CE3A6 /* Debug */ = {
			isa = XCBuildConfiguration;
			buildSettings = {
				ALWAYS_SEARCH_USER_PATHS = NO;
				CLANG_ANALYZER_NONNULL = YES;
				CLANG_ANALYZER_NUMBER_OBJECT_CONVERSION = YES_AGGRESSIVE;
				CLANG_CXX_LANGUAGE_STANDARD = "gnu++17";
				CLANG_ENABLE_MODULES = YES;
				CLANG_ENABLE_OBJC_ARC = YES;
				CLANG_ENABLE_OBJC_WEAK = YES;
				CLANG_WARN_BLOCK_CAPTURE_AUTORELEASING = YES;
				CLANG_WARN_BOOL_CONVERSION = YES;
				CLANG_WARN_COMMA = YES;
				CLANG_WARN_CONSTANT_CONVERSION = YES;
				CLANG_WARN_DEPRECATED_OBJC_IMPLEMENTATIONS = YES;
				CLANG_WARN_DIRECT_OBJC_ISA_USAGE = YES_ERROR;
				CLANG_WARN_DOCUMENTATION_COMMENTS = YES;
				CLANG_WARN_EMPTY_BODY = YES;
				CLANG_WARN_ENUM_CONVERSION = YES;
				CLANG_WARN_INFINITE_RECURSION = YES;
				CLANG_WARN_INT_CONVERSION = YES;
				CLANG_WARN_NON_LITERAL_NULL_CONVERSION = YES;
				CLANG_WARN_OBJC_IMPLICIT_RETAIN_SELF = YES;
				CLANG_WARN_OBJC_LITERAL_CONVERSION = YES;
				CLANG_WARN_OBJC_ROOT_CLASS = YES_ERROR;
				CLANG_WARN_QUOTED_INCLUDE_IN_FRAMEWORK_HEADER = YES;
				CLANG_WARN_RANGE_LOOP_ANALYSIS = YES;
				CLANG_WARN_STRICT_PROTOTYPES = YES;
				CLANG_WARN_SUSPICIOUS_MOVE = YES;
				CLANG_WARN_UNGUARDED_AVAILABILITY = YES_AGGRESSIVE;
				CLANG_WARN_UNREACHABLE_CODE = YES;
				CLANG_WARN__DUPLICATE_METHOD_MATCH = YES;
				COPY_PHASE_STRIP = NO;
				DEBUG_INFORMATION_FORMAT = dwarf;
				ENABLE_STRICT_OBJC_MSGSEND = YES;
				ENABLE_TESTABILITY = YES;
				GCC_C_LANGUAGE_STANDARD = gnu11;
				GCC_DYNAMIC_NO_PIC = NO;
				GCC_NO_COMMON_BLOCKS = YES;
				GCC_OPTIMIZATION_LEVEL = 0;
				GCC_PREPROCESSOR_DEFINITIONS = (
					"DEBUG=1",
					"$(inherited)",
				);
				GCC_WARN_64_TO_32_BIT_CONVERSION = YES;
				GCC_WARN_ABOUT_RETURN_TYPE = YES_ERROR;
				GCC_WARN_UNDECLARED_SELECTOR = YES;
				GCC_WARN_UNINITIALIZED_AUTOS = YES_AGGRESSIVE;
				GCC_WARN_UNUSED_FUNCTION = YES;
				GCC_WARN_UNUSED_VARIABLE = YES;
				IPHONEOS_DEPLOYMENT_TARGET = 15.5;
				MTL_ENABLE_DEBUG_INFO = INCLUDE_SOURCE;
				MTL_FAST_MATH = YES;
				ONLY_ACTIVE_ARCH = YES;
				SDKROOT = iphoneos;
			};
			name = Debug;
		};
		310879DC2869BA98007CE3A6 /* Release */ = {
			isa = XCBuildConfiguration;
			buildSettings = {
				ALWAYS_SEARCH_USER_PATHS = NO;
				CLANG_ANALYZER_NONNULL = YES;
				CLANG_ANALYZER_NUMBER_OBJECT_CONVERSION = YES_AGGRESSIVE;
				CLANG_CXX_LANGUAGE_STANDARD = "gnu++17";
				CLANG_ENABLE_MODULES = YES;
				CLANG_ENABLE_OBJC_ARC = YES;
				CLANG_ENABLE_OBJC_WEAK = YES;
				CLANG_WARN_BLOCK_CAPTURE_AUTORELEASING = YES;
				CLANG_WARN_BOOL_CONVERSION = YES;
				CLANG_WARN_COMMA = YES;
				CLANG_WARN_CONSTANT_CONVERSION = YES;
				CLANG_WARN_DEPRECATED_OBJC_IMPLEMENTATIONS = YES;
				CLANG_WARN_DIRECT_OBJC_ISA_USAGE = YES_ERROR;
				CLANG_WARN_DOCUMENTATION_COMMENTS = YES;
				CLANG_WARN_EMPTY_BODY = YES;
				CLANG_WARN_ENUM_CONVERSION = YES;
				CLANG_WARN_INFINITE_RECURSION = YES;
				CLANG_WARN_INT_CONVERSION = YES;
				CLANG_WARN_NON_LITERAL_NULL_CONVERSION = YES;
				CLANG_WARN_OBJC_IMPLICIT_RETAIN_SELF = YES;
				CLANG_WARN_OBJC_LITERAL_CONVERSION = YES;
				CLANG_WARN_OBJC_ROOT_CLASS = YES_ERROR;
				CLANG_WARN_QUOTED_INCLUDE_IN_FRAMEWORK_HEADER = YES;
				CLANG_WARN_RANGE_LOOP_ANALYSIS = YES;
				CLANG_WARN_STRICT_PROTOTYPES = YES;
				CLANG_WARN_SUSPICIOUS_MOVE = YES;
				CLANG_WARN_UNGUARDED_AVAILABILITY = YES_AGGRESSIVE;
				CLANG_WARN_UNREACHABLE_CODE = YES;
				CLANG_WARN__DUPLICATE_METHOD_MATCH = YES;
				COPY_PHASE_STRIP = NO;
				DEBUG_INFORMATION_FORMAT = "dwarf-with-dsym";
				ENABLE_NS_ASSERTIONS = NO;
				ENABLE_STRICT_OBJC_MSGSEND = YES;
				GCC_C_LANGUAGE_STANDARD = gnu11;
				GCC_NO_COMMON_BLOCKS = YES;
				GCC_WARN_64_TO_32_BIT_CONVERSION = YES;
				GCC_WARN_ABOUT_RETURN_TYPE = YES_ERROR;
				GCC_WARN_UNDECLARED_SELECTOR = YES;
				GCC_WARN_UNINITIALIZED_AUTOS = YES_AGGRESSIVE;
				GCC_WARN_UNUSED_FUNCTION = YES;
				GCC_WARN_UNUSED_VARIABLE = YES;
				IPHONEOS_DEPLOYMENT_TARGET = 15.5;
				MTL_ENABLE_DEBUG_INFO = NO;
				MTL_FAST_MATH = YES;
				SDKROOT = iphoneos;
				VALIDATE_PRODUCT = YES;
			};
			name = Release;
		};
		310879DE2869BA98007CE3A6 /* Debug */ = {
			isa = XCBuildConfiguration;
			buildSettings = {
				ASSETCATALOG_COMPILER_APPICON_NAME = AppIcon;
				ASSETCATALOG_COMPILER_GLOBAL_ACCENT_COLOR_NAME = AccentColor;
				CODE_SIGN_STYLE = Automatic;
				CURRENT_PROJECT_VERSION = 1;
				GENERATE_INFOPLIST_FILE = YES;
				INFOPLIST_FILE = "OpenGL_ES_Practice_4_!/Info.plist";
				INFOPLIST_KEY_UIApplicationSupportsIndirectInputEvents = YES;
				INFOPLIST_KEY_UILaunchStoryboardName = LaunchScreen;
				INFOPLIST_KEY_UIMainStoryboardFile = Main;
				INFOPLIST_KEY_UISupportedInterfaceOrientations_iPad = "UIInterfaceOrientationPortrait UIInterfaceOrientationPortraitUpsideDown UIInterfaceOrientationLandscapeLeft UIInterfaceOrientationLandscapeRight";
				INFOPLIST_KEY_UISupportedInterfaceOrientations_iPhone = "UIInterfaceOrientationPortrait UIInterfaceOrientationLandscapeLeft UIInterfaceOrientationLandscapeRight";
				LD_RUNPATH_SEARCH_PATHS = (
					"$(inherited)",
					"@executable_path/Frameworks",
				);
				MARKETING_VERSION = 1.0;
				PRODUCT_BUNDLE_IDENTIFIER = "generic.OpenGL-ES-Practice-4--";
				PRODUCT_NAME = "$(TARGET_NAME)";
				SWIFT_EMIT_LOC_STRINGS = YES;
				TARGETED_DEVICE_FAMILY = "1,2";
			};
			name = Debug;
		};
		310879DF2869BA98007CE3A6 /* Release */ = {
			isa = XCBuildConfiguration;
			buildSettings = {
				ASSETCATALOG_COMPILER_APPICON_NAME = AppIcon;
				ASSETCATALOG_COMPILER_GLOBAL_ACCENT_COLOR_NAME = AccentColor;
				CODE_SIGN_STYLE = Automatic;
				CURRENT_PROJECT_VERSION = 1;
				GENERATE_INFOPLIST_FILE = YES;
				INFOPLIST_FILE = "OpenGL_ES_Practice_4_!/Info.plist";
				INFOPLIST_KEY_UIApplicationSupportsIndirectInputEvents = YES;
				INFOPLIST_KEY_UILaunchStoryboardName = LaunchScreen;
				INFOPLIST_KEY_UIMainStoryboardFile = Main;
				INFOPLIST_KEY_UISupportedInterfaceOrientations_iPad = "UIInterfaceOrientationPortrait UIInterfaceOrientationPortraitUpsideDown UIInterfaceOrientationLandscapeLeft UIInterfaceOrientationLandscapeRight";
				INFOPLIST_KEY_UISupportedInterfaceOrientations_iPhone = "UIInterfaceOrientationPortrait UIInterfaceOrientationLandscapeLeft UIInterfaceOrientationLandscapeRight";
				LD_RUNPATH_SEARCH_PATHS = (
					"$(inherited)",
					"@executable_path/Frameworks",
				);
				MARKETING_VERSION = 1.0;
				PRODUCT_BUNDLE_IDENTIFIER = "generic.OpenGL-ES-Practice-4--";
				PRODUCT_NAME = "$(TARGET_NAME)";
				SWIFT_EMIT_LOC_STRINGS = YES;
				TARGETED_DEVICE_FAMILY = "1,2";
			};
			name = Release;
		};
/* End XCBuildConfiguration section */

/* Begin XCConfigurationList section */
		310879BF2869BA94007CE3A6 /* Build configuration list for PBXProject "OpenGL_ES_Practice_4_!" */ = {
			isa = XCConfigurationList;
			buildConfigurations = (
				310879DB2869BA98007CE3A6 /* Debug */,
				310879DC2869BA98007CE3A6 /* Release */,
			);
			defaultConfigurationIsVisible = 0;
			defaultConfigurationName = Release;
		};
		310879DD2869BA98007CE3A6 /* Build configuration list for PBXNativeTarget "OpenGL_ES_Practice_4_!" */ = {
			isa = XCConfigurationList;
			buildConfigurations = (
				310879DE2869BA98007CE3A6 /* Debug */,
				310879DF2869BA98007CE3A6 /* Release */,
			);
			defaultConfigurationIsVisible = 0;
			defaultConfigurationName = Release;
		};
/* End XCConfigurationList section */
	};
	rootObject = 310879BC2869BA94007CE3A6 /* Project object */;
}
